<Solution>
  <Folder Name="/src/">
    <Project Path="ContactsManager.Core/ContactsManager.Core.csproj" />
    <Project Path="ContactsManager.Infrastructure/ContactsManager.Infrastructure.csproj" Id="db786cd7-e300-4072-9c3c-c8aa8155453d" />
    <Project Path="ContactsManager.UI/ContactsManager.UI.csproj" />
  </Folder>
  <Folder Name="/tests/">
    <Project Path="ContactsManager.ControllerTests/ContactsManager.ControllerTests.csproj" Id="2432fb04-b76d-44d6-a405-15dbf84bfba3" />
    <Project Path="ContactsManager.IntegrationTests/ContactsManager.IntegrationTests.csproj" Id="947e0de1-1115-4b10-825d-2ee6ae648b2c" />
    <Project Path="ContactsManager.ServiceTests/ContactsManager.ServiceTests.csproj" Id="4dd201ce-76ff-4e28-80d2-0a03e66afaa2" />
  </Folder>
</Solution>
